<?xml version="1.0" encoding="utf-8"?>
<Project ToolsVersion="4.0" xmlns="http://schemas.microsoft.com/developer/msbuild/2003">
  <ItemGroup>
    <Filter Include="소스 파일">
      <UniqueIdentifier>{4FC737F1-C7A5-4376-A066-2A32D752A2FF}</UniqueIdentifier>
      <Extensions>cpp;c;cc;cxx;c++;cppm;ixx;def;odl;idl;hpj;bat;asm;asmx</Extensions>
    </Filter>
    <Filter Include="헤더 파일">
      <UniqueIdentifier>{93995380-89BD-4b04-88EB-625FBE52EBFB}</UniqueIdentifier>
      <Extensions>h;hh;hpp;hxx;h++;hm;inl;inc;ipp;xsd</Extensions>
    </Filter>
    <Filter Include="리소스 파일">
      <UniqueIdentifier>{67DA6AB6-F800-4c08-8B7A-83BB121AAD01}</UniqueIdentifier>
      <Extensions>rc;ico;cur;bmp;dlg;rc2;rct;bin;rgs;gif;jpg;jpeg;jpe;resx;tiff;tif;png;wav;mfcribbon-ms</Extensions>
    </Filter>
  </ItemGroup>
  <ItemGroup>
    <ClCompile Include="src\main.cpp">
      <Filter>소스 파일</Filter>
    </ClCompile>
    <ClCompile Include="src\Game.cpp">
      <Filter>소스 파일</Filter>
    </ClCompile>
    <ClCompile Include="src\utils\Logger.cpp">
      <Filter>소스 파일</Filter>
    </ClCompile>
    <ClCompile Include="src\Console.cpp">
      <Filter>소스 파일</Filter>
    </ClCompile>
    <ClCompile Include="src\inputs\Keyboard.cpp">
      <Filter>소스 파일</Filter>
    </ClCompile>
    <ClCompile Include="src\states\StateMachine.cpp">
      <Filter>소스 파일</Filter>
    </ClCompile>
    <ClCompile Include="src\states\TitleState.cpp">
      <Filter>소스 파일</Filter>
    </ClCompile>
    <ClCompile Include="src\states\SinglePlayState.cpp">
      <Filter>소스 파일</Filter>
    </ClCompile>
    <ClCompile Include="src\Tetromino.cpp">
      <Filter>소스 파일</Filter>
    </ClCompile>
    <ClCompile Include="src\Board.cpp">
      <Filter>소스 파일</Filter>
    </ClCompile>
    <ClCompile Include="src\utils\Timer.cpp">
      <Filter>소스 파일</Filter>
    </ClCompile>
    <ClCompile Include="src\utils\Random.cpp">
      <Filter>소스 파일</Filter>
    </ClCompile>
    <ClCompile Include="src\BagRandom.cpp">
      <Filter>소스 파일</Filter>
    </ClCompile>
    <ClCompile Include="src\Score.cpp">
      <Filter>소스 파일</Filter>
    </ClCompile>
    <ClCompile Include="src\audio\SoundManager.cpp">
      <Filter>소스 파일</Filter>
    </ClCompile>
    <ClCompile Include="src\states\MultiPlayState.cpp">
      <Filter>소스 파일</Filter>
    </ClCompile>
    <ClCompile Include="src\ConsoleRenderer.cpp">
      <Filter>소스 파일</Filter>
    </ClCompile>
    <ClCompile Include="src\states\RoomJoinState.cpp">
      <Filter>소스 파일</Filter>
    </ClCompile>
    <ClCompile Include="src\network\TetrisClient.cpp">
      <Filter>소스 파일</Filter>
    </ClCompile>
    <ClCompile Include="src\states\GameOverState.cpp">
      <Filter>소스 파일</Filter>
    </ClCompile>
  </ItemGroup>
  <ItemGroup>
    <ClInclude Include="src\Game.h">
      <Filter>헤더 파일</Filter>
    </ClInclude>
    <ClInclude Include="src\utils\Logger.h">
      <Filter>헤더 파일</Filter>
    </ClInclude>
    <ClInclude Include="src\utils\Colors.h">
      <Filter>헤더 파일</Filter>
    </ClInclude>
    <ClInclude Include="src\Console.h">
      <Filter>헤더 파일</Filter>
    </ClInclude>
    <ClInclude Include="src\inputs\Button.h">
      <Filter>헤더 파일</Filter>
    </ClInclude>
    <ClInclude Include="src\inputs\Keys.h">
      <Filter>헤더 파일</Filter>
    </ClInclude>
    <ClInclude Include="src\inputs\Keyboard.h">
      <Filter>헤더 파일</Filter>
    </ClInclude>
    <ClInclude Include="src\states\StateMachine.h">
      <Filter>헤더 파일</Filter>
    </ClInclude>
    <ClInclude Include="src\states\IState.h">
      <Filter>헤더 파일</Filter>
    </ClInclude>
    <ClInclude Include="src\states\TitleState.h">
      <Filter>헤더 파일</Filter>
    </ClInclude>
    <ClInclude Include="src\Selector.h">
      <Filter>헤더 파일</Filter>
    </ClInclude>
    <ClInclude Include="src\states\SinglePlayState.h">
      <Filter>헤더 파일</Filter>
    </ClInclude>
    <ClInclude Include="src\Tetromino.h">
      <Filter>헤더 파일</Filter>
    </ClInclude>
    <ClInclude Include="src\utils\Types.h">
      <Filter>헤더 파일</Filter>
    </ClInclude>
    <ClInclude Include="src\Board.h">
      <Filter>헤더 파일</Filter>
    </ClInclude>
    <ClInclude Include="src\utils\Timer.h">
      <Filter>헤더 파일</Filter>
    </ClInclude>
    <ClInclude Include="src\utils\Random.h">
      <Filter>헤더 파일</Filter>
    </ClInclude>
    <ClInclude Include="src\BagRandom.h">
      <Filter>헤더 파일</Filter>
    </ClInclude>
    <ClInclude Include="src\Score.h">
      <Filter>헤더 파일</Filter>
    </ClInclude>
    <ClInclude Include="src\audio\SoundManager.h">
      <Filter>헤더 파일</Filter>
    </ClInclude>
    <ClInclude Include="src\GameConfig.h">
      <Filter>헤더 파일</Filter>
    </ClInclude>
    <ClInclude Include="src\states\MultiPlayState.h">
      <Filter>헤더 파일</Filter>
    </ClInclude>
    <ClInclude Include="thirdparty\asio.hpp">
      <Filter>헤더 파일</Filter>
    </ClInclude>
    <ClInclude Include="src\ConsoleRenderer.h">
      <Filter>헤더 파일</Filter>
    </ClInclude>
    <ClInclude Include="src\states\RoomJoinState.h">
      <Filter>헤더 파일</Filter>
    </ClInclude>
    <ClInclude Include="src\common\PacketProtocol.h">
      <Filter>헤더 파일</Filter>
    </ClInclude>
    <ClInclude Include="src\network\TetrisClient.h">
      <Filter>헤더 파일</Filter>
    </ClInclude>
    <ClInclude Include="src\common\TetrisTypes.h">
      <Filter>헤더 파일</Filter>
    </ClInclude>
    <ClInclude Include="src\states\GameOverState.h">
      <Filter>헤더 파일</Filter>
    </ClInclude>
  </ItemGroup>
</Project>